
Microsoft Visual Studio Solution File, Format Version 12.00
# Visual Studio Version 16
VisualStudioVersion = 16.0.31005.135
MinimumVisualStudioVersion = 10.0.40219.1
Project("{8BC9CEB8-8B4A-11D0-8D11-00A0C91BC942}") = "Sandbox", "Sandbox\Sandbox.vcxproj", "{D9A42147-B443-4418-8E68-2B79A8A6BCD6}"
EndProject
Project("{8BC9CEB8-8B4A-11D0-8D11-00A0C91BC942}") = "Amberseed", "Amberseed\Amberseed.vcxproj", "{BC63472D-3D54-424A-8172-32C06DFD9857}"
EndProject
Global
	GlobalSection(SolutionConfigurationPlatforms) = preSolution
		Debug|x64 = Debug|x64
		Release|x64 = Release|x64
	EndGlobalSection
	GlobalSection(ProjectConfigurationPlatforms) = postSolution
		{BC63472D-3D54-424A-8172-32C06DFD9857}.Debug|x64.ActiveCfg = Debug|x64
		{BC63472D-3D54-424A-8172-32C06DFD9857}.Debug|x64.Build.0 = Debug|x64
		{BC63472D-3D54-424A-8172-32C06DFD9857}.Release|x64.ActiveCfg = Release|x64
		{BC63472D-3D54-424A-8172-32C06DFD9857}.Release|x64.Build.0 = Release|x64
		{D9A42147-B443-4418-8E68-2B79A8A6BCD6}.Debug|x64.ActiveCfg = Debug|x64
		{D9A42147-B443-4418-8E68-2B79A8A6BCD6}.Debug|x64.Build.0 = Debug|x64
		{D9A42147-B443-4418-8E68-2B79A8A6BCD6}.Release|x64.ActiveCfg = Release|x64
		{D9A42147-B443-4418-8E68-2B79A8A6BCD6}.Release|x64.Build.0 = Release|x64
	EndGlobalSection
	GlobalSection(SolutionProperties) = preSolution
		HideSolutionNode = FALSE
	EndGlobalSection
	GlobalSection(ExtensibilityGlobals) = postSolution
		SolutionGuid = {B1A7321F-5B0A-46DD-A039-62C16A0C3433}
	EndGlobalSection
EndGlobal
